
Microsoft Visual Studio Solution File, Format Version 12.00
# Visual Studio Version 17
VisualStudioVersion = 17.5.33530.505
MinimumVisualStudioVersion = 10.0.40219.1
Project("{9A19103F-16F7-4668-BE54-9A1E7A4F7556}") = "Watchin", "Watchin.csproj", "{208A4F0E-7706-4E11-A278-4AC3CBFDBE39}"
EndProject
Global
	GlobalSection(SolutionConfigurationPlatforms) = preSolution
		Debug|Any CPU = Debug|Any CPU
		Release|Any CPU = Release|Any CPU
	EndGlobalSection
	GlobalSection(ProjectConfigurationPlatforms) = postSolution
		{208A4F0E-7706-4E11-A278-4AC3CBFDBE39}.Debug|Any CPU.ActiveCfg = Debug|Any CPU
		{208A4F0E-7706-4E11-A278-4AC3CBFDBE39}.Debug|Any CPU.Build.0 = Debug|Any CPU
		{208A4F0E-7706-4E11-A278-4AC3CBFDBE39}.Release|Any CPU.ActiveCfg = Release|Any CPU
		{208A4F0E-7706-4E11-A278-4AC3CBFDBE39}.Release|Any CPU.Build.0 = Release|Any CPU
	EndGlobalSection
	GlobalSection(SolutionProperties) = preSolution
		HideSolutionNode = FALSE
	EndGlobalSection
	GlobalSection(ExtensibilityGlobals) = postSolution
		SolutionGuid = {7C535BB6-E962-4E67-9CCD-1BC45458D237}
	EndGlobalSection
EndGlobal
